
Microsoft Visual Studio Solution File, Format Version 12.00
# Visual Studio Version 17
VisualStudioVersion = 17.11.34929.205
MinimumVisualStudioVersion = 10.0.40219.1
Project("{FAE04EC0-301F-11D3-BF4B-00C04F79EFBC}") = "LoginFormWebApp", "LoginFormWebApp\LoginFormWebApp.csproj", "{2ED16B9C-61D2-468B-A6D8-963690BBBD65}"
EndProject
Global
	GlobalSection(SolutionConfigurationPlatforms) = preSolution
		Debug|Any CPU = Debug|Any CPU
		Release|Any CPU = Release|Any CPU
	EndGlobalSection
	GlobalSection(ProjectConfigurationPlatforms) = postSolution
		{2ED16B9C-61D2-468B-A6D8-963690BBBD65}.Debug|Any CPU.ActiveCfg = Debug|Any CPU
		{2ED16B9C-61D2-468B-A6D8-963690BBBD65}.Debug|Any CPU.Build.0 = Debug|Any CPU
		{2ED16B9C-61D2-468B-A6D8-963690BBBD65}.Release|Any CPU.ActiveCfg = Release|Any CPU
		{2ED16B9C-61D2-468B-A6D8-963690BBBD65}.Release|Any CPU.Build.0 = Release|Any CPU
	EndGlobalSection
	GlobalSection(SolutionProperties) = preSolution
		HideSolutionNode = FALSE
	EndGlobalSection
	GlobalSection(ExtensibilityGlobals) = postSolution
		SolutionGuid = {C9D51C07-B975-4BA6-99F5-FED2BF0B5515}
	EndGlobalSection
EndGlobal
